# THIS IS AN AUTOGENERATED FILE. DO NOT EDIT THIS FILE DIRECTLY.
# yarn lockfile v1


sweetalert2@^11.1.7:
  version "11.1.7"
  resolved "https://registry.yarnpkg.com/sweetalert2/-/sweetalert2-11.1.7.tgz#0ff2851eae77a76a3fe0ab289d3c32493e811b6d"
  integrity sha512-7MHQVtKCTORfA9e58g9ZOfT3X58DkSBtvoCQJnqSHobXXb5C7aB8Yg/tAccTFnefCUBU41PoStjXMkzG3bNeig==
